
Microsoft Visual Studio Solution File, Format Version 12.00
# Visual Studio Version 17
VisualStudioVersion = 17.0.32014.148
MinimumVisualStudioVersion = 10.0.40219.1
Project("{FAE04EC0-301F-11D3-BF4B-00C04F79EFBC}") = "catalog", "catalog\catalog.csproj", "{71A7B0A3-0FF5-45DF-9F03-952BC56947E9}"
EndProject
Global
	GlobalSection(SolutionConfigurationPlatforms) = preSolution
		Debug|Any CPU = Debug|Any CPU
		Release|Any CPU = Release|Any CPU
	EndGlobalSection
	GlobalSection(ProjectConfigurationPlatforms) = postSolution
		{71A7B0A3-0FF5-45DF-9F03-952BC56947E9}.Debug|Any CPU.ActiveCfg = Debug|Any CPU
		{71A7B0A3-0FF5-45DF-9F03-952BC56947E9}.Debug|Any CPU.Build.0 = Debug|Any CPU
		{71A7B0A3-0FF5-45DF-9F03-952BC56947E9}.Release|Any CPU.ActiveCfg = Release|Any CPU
		{71A7B0A3-0FF5-45DF-9F03-952BC56947E9}.Release|Any CPU.Build.0 = Release|Any CPU
	EndGlobalSection
	GlobalSection(SolutionProperties) = preSolution
		HideSolutionNode = FALSE
	EndGlobalSection
	GlobalSection(ExtensibilityGlobals) = postSolution
		SolutionGuid = {8738D0EC-B496-4E4A-B949-41DA723E98E7}
	EndGlobalSection
EndGlobal
